// !$*UTF8*$!
{
	archiveVersion = 1;
	classes = {
	};
	objectVersion = 54;
	objects = {

/* Begin PBXBuildFile section */
		042D6E0527A336CC00DBCC79 /* TintableButton.swift in Sources */ = {isa = PBXBuildFile; fileRef = 042D6E0427A336CC00DBCC79 /* TintableButton.swift */; };
		0449FBA824EC57B10059EE04 /* MenuViewController.swift in Sources */ = {isa = PBXBuildFile; fileRef = 0449FBA724EC57B10059EE04 /* MenuViewController.swift */; };
		045D41C0293FD7430027B062 /* AttributedStringHelper.swift in Sources */ = {isa = PBXBuildFile; fileRef = 045D41BF293FD7430027B062 /* AttributedStringHelper.swift */; };
		046671A624E6A0DA00104492 /* Assets.xcassets in Resources */ = {isa = PBXBuildFile; fileRef = 0466719C24E6A0D900104492 /* Assets.xcassets */; };
		046671A724E6A0DA00104492 /* ChatResponseView.swift in Sources */ = {isa = PBXBuildFile; fileRef = 0466719D24E6A0D900104492 /* ChatResponseView.swift */; };
		046671A824E6A0DA00104492 /* ChatViewController.swift in Sources */ = {isa = PBXBuildFile; fileRef = 0466719E24E6A0D900104492 /* ChatViewController.swift */; };
		046671A924E6A0DA00104492 /* ImageLoader.swift in Sources */ = {isa = PBXBuildFile; fileRef = 046671A024E6A0DA00104492 /* ImageLoader.swift */; };
		046671AA24E6A0DA00104492 /* RoundedCornersView.swift in Sources */ = {isa = PBXBuildFile; fileRef = 046671A124E6A0DA00104492 /* RoundedCornersView.swift */; };
		046671AB24E6A0DA00104492 /* GifImage.swift in Sources */ = {isa = PBXBuildFile; fileRef = 046671A224E6A0DA00104492 /* GifImage.swift */; };
		046671AD24E6A0DA00104492 /* Colors.swift in Sources */ = {isa = PBXBuildFile; fileRef = 046671A424E6A0DA00104492 /* Colors.swift */; };
		046671AE24E6A0DA00104492 /* AgentAvatarView.swift in Sources */ = {isa = PBXBuildFile; fileRef = 046671A524E6A0DA00104492 /* AgentAvatarView.swift */; };
		046804732511FF48007BC8A9 /* TimingHelper.swift in Sources */ = {isa = PBXBuildFile; fileRef = 046804722511FF48007BC8A9 /* TimingHelper.swift */; };
		048965FE2508F0A5000BC16E /* ConversationFeedbackViewController.swift in Sources */ = {isa = PBXBuildFile; fileRef = 048965FD2508F0A5000BC16E /* ConversationFeedbackViewController.swift */; };
		048A09922BE976010071B425 /* ResourceBundle.swift in Sources */ = {isa = PBXBuildFile; fileRef = 048A09912BE976010071B425 /* ResourceBundle.swift */; };
		048AB43324F3A41300B912F1 /* FilterPickerViewController.swift in Sources */ = {isa = PBXBuildFile; fileRef = 048AB43224F3A41300B912F1 /* FilterPickerViewController.swift */; };
		048AB43624F3D6C800B912F1 /* ChatBackend.swift in Sources */ = {isa = PBXBuildFile; fileRef = 048AB43524F3D6C800B912F1 /* ChatBackend.swift */; };
		0491BEF4289BDA7800B69617 /* URLSessionPinningDelegate.swift in Sources */ = {isa = PBXBuildFile; fileRef = 0491BEF3289BDA7800B69617 /* URLSessionPinningDelegate.swift */; };
		04B758E8251A25CC00539432 /* ImageLightboxViewController.swift in Sources */ = {isa = PBXBuildFile; fileRef = 04B758E7251A25CC00539432 /* ImageLightboxViewController.swift */; };
		04CEFA5A27887A59007F3ECC /* BoostUIEvents.swift in Sources */ = {isa = PBXBuildFile; fileRef = 04CEFA5927887A59007F3ECC /* BoostUIEvents.swift */; };
		04FF68EB24FD91F100737CFE /* ActionLinkView.swift in Sources */ = {isa = PBXBuildFile; fileRef = 04FF68EA24FD91F100737CFE /* ActionLinkView.swift */; };
		1F86023124D84FB4001B0D93 /* Commands.swift in Sources */ = {isa = PBXBuildFile; fileRef = 1F86023024D84FB4001B0D93 /* Commands.swift */; };
		1F86023324DC442D001B0D93 /* Config.swift in Sources */ = {isa = PBXBuildFile; fileRef = 1F86023224DC442D001B0D93 /* Config.swift */; };
		1F86023524DD6DD5001B0D93 /* ConfigTests.swift in Sources */ = {isa = PBXBuildFile; fileRef = 1F86023424DD6DD5001B0D93 /* ConfigTests.swift */; };
		1F86023724E2C5A3001B0D93 /* Errors.swift in Sources */ = {isa = PBXBuildFile; fileRef = 1F86023624E2C5A3001B0D93 /* Errors.swift */; };
		1F86023924E3D23D001B0D93 /* AnyCodable.swift in Sources */ = {isa = PBXBuildFile; fileRef = 1F86023824E3D23D001B0D93 /* AnyCodable.swift */; };
		1F86023B24E3D264001B0D93 /* AnyDecodable.swift in Sources */ = {isa = PBXBuildFile; fileRef = 1F86023A24E3D264001B0D93 /* AnyDecodable.swift */; };
		1F86023D24E3D282001B0D93 /* AnyEncodable.swift in Sources */ = {isa = PBXBuildFile; fileRef = 1F86023C24E3D282001B0D93 /* AnyEncodable.swift */; };
		1F86024324E6AB3E001B0D93 /* MimeType.swift in Sources */ = {isa = PBXBuildFile; fileRef = 1F86024224E6AB3E001B0D93 /* MimeType.swift */; };
		1F9435D1248A280900A91C04 /* BoostAI.framework in Frameworks */ = {isa = PBXBuildFile; fileRef = 1F9435C7248A280900A91C04 /* BoostAI.framework */; };
		1F9435D6248A280900A91C04 /* BoostAITests.swift in Sources */ = {isa = PBXBuildFile; fileRef = 1F9435D5248A280900A91C04 /* BoostAITests.swift */; };
		1F9435D8248A280900A91C04 /* BoostAI.h in Headers */ = {isa = PBXBuildFile; fileRef = 1F9435CA248A280900A91C04 /* BoostAI.h */; settings = {ATTRIBUTES = (Public, ); }; };
		1FAD086624A484CB0054AD4F /* MessagesTests.swift in Sources */ = {isa = PBXBuildFile; fileRef = 1FAD086524A484CB0054AD4F /* MessagesTests.swift */; };
		1FAD086824A5E1220054AD4F /* ObservationToken.swift in Sources */ = {isa = PBXBuildFile; fileRef = 1FAD086724A5E1220054AD4F /* ObservationToken.swift */; };
		1FAD087324A5E2DB0054AD4F /* DateFormatter.swift in Sources */ = {isa = PBXBuildFile; fileRef = 1FAD087224A5E2DB0054AD4F /* DateFormatter.swift */; };
		1FAD087924A5EB700054AD4F /* Response.swift in Sources */ = {isa = PBXBuildFile; fileRef = 1FAD087824A5EB700054AD4F /* Response.swift */; };
		1FAD087B24A5EBB80054AD4F /* Conversation.swift in Sources */ = {isa = PBXBuildFile; fileRef = 1FAD087A24A5EBB80054AD4F /* Conversation.swift */; };
		1FAD087F24A61B3E0054AD4F /* APITests.swift in Sources */ = {isa = PBXBuildFile; fileRef = 1FAD087E24A61B3E0054AD4F /* APITests.swift */; };
/* End PBXBuildFile section */

/* Begin PBXContainerItemProxy section */
		1F9435D2248A280900A91C04 /* PBXContainerItemProxy */ = {
			isa = PBXContainerItemProxy;
			containerPortal = 1F9435BE248A280900A91C04 /* Project object */;
			proxyType = 1;
			remoteGlobalIDString = 1F9435C6248A280900A91C04;
			remoteInfo = BoostAiSDK;
		};
/* End PBXContainerItemProxy section */

/* Begin PBXFileReference section */
		042D6E0427A336CC00DBCC79 /* TintableButton.swift */ = {isa = PBXFileReference; lastKnownFileType = sourcecode.swift; path = TintableButton.swift; sourceTree = "<group>"; };
		0449FBA724EC57B10059EE04 /* MenuViewController.swift */ = {isa = PBXFileReference; lastKnownFileType = sourcecode.swift; path = MenuViewController.swift; sourceTree = "<group>"; };
		045D41BF293FD7430027B062 /* AttributedStringHelper.swift */ = {isa = PBXFileReference; lastKnownFileType = sourcecode.swift; path = AttributedStringHelper.swift; sourceTree = "<group>"; };
		0466719C24E6A0D900104492 /* Assets.xcassets */ = {isa = PBXFileReference; lastKnownFileType = folder.assetcatalog; path = Assets.xcassets; sourceTree = "<group>"; };
		0466719D24E6A0D900104492 /* ChatResponseView.swift */ = {isa = PBXFileReference; fileEncoding = 4; lastKnownFileType = sourcecode.swift; path = ChatResponseView.swift; sourceTree = "<group>"; };
		0466719E24E6A0D900104492 /* ChatViewController.swift */ = {isa = PBXFileReference; fileEncoding = 4; lastKnownFileType = sourcecode.swift; path = ChatViewController.swift; sourceTree = "<group>"; };
		046671A024E6A0DA00104492 /* ImageLoader.swift */ = {isa = PBXFileReference; fileEncoding = 4; lastKnownFileType = sourcecode.swift; path = ImageLoader.swift; sourceTree = "<group>"; };
		046671A124E6A0DA00104492 /* RoundedCornersView.swift */ = {isa = PBXFileReference; fileEncoding = 4; lastKnownFileType = sourcecode.swift; path = RoundedCornersView.swift; sourceTree = "<group>"; };
		046671A224E6A0DA00104492 /* GifImage.swift */ = {isa = PBXFileReference; fileEncoding = 4; lastKnownFileType = sourcecode.swift; path = GifImage.swift; sourceTree = "<group>"; };
		046671A424E6A0DA00104492 /* Colors.swift */ = {isa = PBXFileReference; fileEncoding = 4; lastKnownFileType = sourcecode.swift; path = Colors.swift; sourceTree = "<group>"; };
		046671A524E6A0DA00104492 /* AgentAvatarView.swift */ = {isa = PBXFileReference; fileEncoding = 4; lastKnownFileType = sourcecode.swift; path = AgentAvatarView.swift; sourceTree = "<group>"; };
		046804722511FF48007BC8A9 /* TimingHelper.swift */ = {isa = PBXFileReference; lastKnownFileType = sourcecode.swift; path = TimingHelper.swift; sourceTree = "<group>"; };
		048965FD2508F0A5000BC16E /* ConversationFeedbackViewController.swift */ = {isa = PBXFileReference; lastKnownFileType = sourcecode.swift; path = ConversationFeedbackViewController.swift; sourceTree = "<group>"; };
		048A09912BE976010071B425 /* ResourceBundle.swift */ = {isa = PBXFileReference; lastKnownFileType = sourcecode.swift; path = ResourceBundle.swift; sourceTree = "<group>"; };
		048AB43224F3A41300B912F1 /* FilterPickerViewController.swift */ = {isa = PBXFileReference; lastKnownFileType = sourcecode.swift; path = FilterPickerViewController.swift; sourceTree = "<group>"; };
		048AB43524F3D6C800B912F1 /* ChatBackend.swift */ = {isa = PBXFileReference; fileEncoding = 4; lastKnownFileType = sourcecode.swift; name = ChatBackend.swift; path = BoostAI/ChatBackend/ChatBackend.swift; sourceTree = SOURCE_ROOT; };
		0491BEF3289BDA7800B69617 /* URLSessionPinningDelegate.swift */ = {isa = PBXFileReference; lastKnownFileType = sourcecode.swift; path = URLSessionPinningDelegate.swift; sourceTree = "<group>"; };
		04B758E7251A25CC00539432 /* ImageLightboxViewController.swift */ = {isa = PBXFileReference; lastKnownFileType = sourcecode.swift; path = ImageLightboxViewController.swift; sourceTree = "<group>"; };
		04CEFA5927887A59007F3ECC /* BoostUIEvents.swift */ = {isa = PBXFileReference; lastKnownFileType = sourcecode.swift; path = BoostUIEvents.swift; sourceTree = "<group>"; };
		04FF68EA24FD91F100737CFE /* ActionLinkView.swift */ = {isa = PBXFileReference; lastKnownFileType = sourcecode.swift; path = ActionLinkView.swift; sourceTree = "<group>"; };
		1F86023024D84FB4001B0D93 /* Commands.swift */ = {isa = PBXFileReference; lastKnownFileType = sourcecode.swift; path = Commands.swift; sourceTree = "<group>"; };
		1F86023224DC442D001B0D93 /* Config.swift */ = {isa = PBXFileReference; lastKnownFileType = sourcecode.swift; path = Config.swift; sourceTree = "<group>"; };
		1F86023424DD6DD5001B0D93 /* ConfigTests.swift */ = {isa = PBXFileReference; lastKnownFileType = sourcecode.swift; path = ConfigTests.swift; sourceTree = "<group>"; };
		1F86023624E2C5A3001B0D93 /* Errors.swift */ = {isa = PBXFileReference; lastKnownFileType = sourcecode.swift; path = Errors.swift; sourceTree = "<group>"; };
		1F86023824E3D23D001B0D93 /* AnyCodable.swift */ = {isa = PBXFileReference; lastKnownFileType = sourcecode.swift; path = AnyCodable.swift; sourceTree = "<group>"; };
		1F86023A24E3D264001B0D93 /* AnyDecodable.swift */ = {isa = PBXFileReference; lastKnownFileType = sourcecode.swift; path = AnyDecodable.swift; sourceTree = "<group>"; };
		1F86023C24E3D282001B0D93 /* AnyEncodable.swift */ = {isa = PBXFileReference; lastKnownFileType = sourcecode.swift; path = AnyEncodable.swift; sourceTree = "<group>"; };
		1F86024224E6AB3E001B0D93 /* MimeType.swift */ = {isa = PBXFileReference; lastKnownFileType = sourcecode.swift; path = MimeType.swift; sourceTree = "<group>"; };
		1F9435C7248A280900A91C04 /* BoostAI.framework */ = {isa = PBXFileReference; explicitFileType = wrapper.framework; includeInIndex = 0; path = BoostAI.framework; sourceTree = BUILT_PRODUCTS_DIR; };
		1F9435CA248A280900A91C04 /* BoostAI.h */ = {isa = PBXFileReference; lastKnownFileType = sourcecode.c.h; path = BoostAI.h; sourceTree = "<group>"; };
		1F9435CB248A280900A91C04 /* Info.plist */ = {isa = PBXFileReference; lastKnownFileType = text.plist.xml; path = Info.plist; sourceTree = "<group>"; };
		1F9435D0248A280900A91C04 /* BoostAITests.xctest */ = {isa = PBXFileReference; explicitFileType = wrapper.cfbundle; includeInIndex = 0; path = BoostAITests.xctest; sourceTree = BUILT_PRODUCTS_DIR; };
		1F9435D5248A280900A91C04 /* BoostAITests.swift */ = {isa = PBXFileReference; lastKnownFileType = sourcecode.swift; path = BoostAITests.swift; sourceTree = "<group>"; };
		1F9435D7248A280900A91C04 /* Info.plist */ = {isa = PBXFileReference; lastKnownFileType = text.plist.xml; path = Info.plist; sourceTree = "<group>"; };
		1FAD086524A484CB0054AD4F /* MessagesTests.swift */ = {isa = PBXFileReference; lastKnownFileType = sourcecode.swift; path = MessagesTests.swift; sourceTree = "<group>"; };
		1FAD086724A5E1220054AD4F /* ObservationToken.swift */ = {isa = PBXFileReference; lastKnownFileType = sourcecode.swift; path = ObservationToken.swift; sourceTree = "<group>"; };
		1FAD087224A5E2DB0054AD4F /* DateFormatter.swift */ = {isa = PBXFileReference; lastKnownFileType = sourcecode.swift; path = DateFormatter.swift; sourceTree = "<group>"; };
		1FAD087824A5EB700054AD4F /* Response.swift */ = {isa = PBXFileReference; lastKnownFileType = sourcecode.swift; path = Response.swift; sourceTree = "<group>"; };
		1FAD087A24A5EBB80054AD4F /* Conversation.swift */ = {isa = PBXFileReference; lastKnownFileType = sourcecode.swift; path = Conversation.swift; sourceTree = "<group>"; };
		1FAD087E24A61B3E0054AD4F /* APITests.swift */ = {isa = PBXFileReference; lastKnownFileType = sourcecode.swift; path = APITests.swift; sourceTree = "<group>"; };
/* End PBXFileReference section */

/* Begin PBXFrameworksBuildPhase section */
		1F9435C4248A280900A91C04 /* Frameworks */ = {
			isa = PBXFrameworksBuildPhase;
			buildActionMask = 2147483647;
			files = (
			);
			runOnlyForDeploymentPostprocessing = 0;
		};
		1F9435CD248A280900A91C04 /* Frameworks */ = {
			isa = PBXFrameworksBuildPhase;
			buildActionMask = 2147483647;
			files = (
				1F9435D1248A280900A91C04 /* BoostAI.framework in Frameworks */,
			);
			runOnlyForDeploymentPostprocessing = 0;
		};
/* End PBXFrameworksBuildPhase section */

/* Begin PBXGroup section */
		042D6E0327A336A400DBCC79 /* Components */ = {
			isa = PBXGroup;
			children = (
				042D6E0427A336CC00DBCC79 /* TintableButton.swift */,
			);
			path = Components;
			sourceTree = "<group>";
		};
		0466719B24E6A0C800104492 /* UI */ = {
			isa = PBXGroup;
			children = (
				042D6E0327A336A400DBCC79 /* Components */,
				0466719E24E6A0D900104492 /* ChatViewController.swift */,
				0466719D24E6A0D900104492 /* ChatResponseView.swift */,
				0449FBA724EC57B10059EE04 /* MenuViewController.swift */,
				048965FD2508F0A5000BC16E /* ConversationFeedbackViewController.swift */,
				048AB43224F3A41300B912F1 /* FilterPickerViewController.swift */,
				04FF68EA24FD91F100737CFE /* ActionLinkView.swift */,
				046671A524E6A0DA00104492 /* AgentAvatarView.swift */,
				04CEFA5927887A59007F3ECC /* BoostUIEvents.swift */,
				048A09912BE976010071B425 /* ResourceBundle.swift */,
				0466719C24E6A0D900104492 /* Assets.xcassets */,
				0466719F24E6A0DA00104492 /* Helpers */,
			);
			path = UI;
			sourceTree = "<group>";
		};
		0466719F24E6A0DA00104492 /* Helpers */ = {
			isa = PBXGroup;
			children = (
				046671A424E6A0DA00104492 /* Colors.swift */,
				046671A224E6A0DA00104492 /* GifImage.swift */,
				04B758E7251A25CC00539432 /* ImageLightboxViewController.swift */,
				046671A024E6A0DA00104492 /* ImageLoader.swift */,
				046671A124E6A0DA00104492 /* RoundedCornersView.swift */,
				046804722511FF48007BC8A9 /* TimingHelper.swift */,
				045D41BF293FD7430027B062 /* AttributedStringHelper.swift */,
			);
			path = Helpers;
			sourceTree = "<group>";
		};
		04C7B07928D28AC000BE1A39 /* Helpers */ = {
			isa = PBXGroup;
			children = (
				0491BEF3289BDA7800B69617 /* URLSessionPinningDelegate.swift */,
			);
			path = Helpers;
			sourceTree = "<group>";
		};
		1F9435BD248A280900A91C04 = {
			isa = PBXGroup;
			children = (
				1F9435C9248A280900A91C04 /* BoostAI */,
				1F9435D4248A280900A91C04 /* BoostAITests */,
				1F9435C8248A280900A91C04 /* Products */,
			);
			sourceTree = "<group>";
		};
		1F9435C8248A280900A91C04 /* Products */ = {
			isa = PBXGroup;
			children = (
				1F9435C7248A280900A91C04 /* BoostAI.framework */,
				1F9435D0248A280900A91C04 /* BoostAITests.xctest */,
			);
			name = Products;
			sourceTree = "<group>";
		};
		1F9435C9248A280900A91C04 /* BoostAI */ = {
			isa = PBXGroup;
			children = (
				0466719B24E6A0C800104492 /* UI */,
				1F9435E5248A765C00A91C04 /* ChatBackend */,
				1F9435CA248A280900A91C04 /* BoostAI.h */,
				1F9435CB248A280900A91C04 /* Info.plist */,
			);
			path = BoostAI;
			sourceTree = "<group>";
		};
		1F9435D4248A280900A91C04 /* BoostAITests */ = {
			isa = PBXGroup;
			children = (
				1FAD086424A484880054AD4F /* Messages */,
				1F9435D5248A280900A91C04 /* BoostAITests.swift */,
				1F9435D7248A280900A91C04 /* Info.plist */,
				1F86023424DD6DD5001B0D93 /* ConfigTests.swift */,
			);
			path = BoostAITests;
			sourceTree = "<group>";
		};
		1F9435E5248A765C00A91C04 /* ChatBackend */ = {
			isa = PBXGroup;
			children = (
				04C7B07928D28AC000BE1A39 /* Helpers */,
				1FAD086924A5E1600054AD4F /* Extensions */,
				1F9435E9248A769800A91C04 /* Objects */,
				048AB43524F3D6C800B912F1 /* ChatBackend.swift */,
			);
			path = ChatBackend;
			sourceTree = "<group>";
		};
		1F9435E9248A769800A91C04 /* Objects */ = {
			isa = PBXGroup;
			children = (
				1F86023824E3D23D001B0D93 /* AnyCodable.swift */,
				1F86023A24E3D264001B0D93 /* AnyDecodable.swift */,
				1F86023C24E3D282001B0D93 /* AnyEncodable.swift */,
				1FAD086724A5E1220054AD4F /* ObservationToken.swift */,
				1FAD087824A5EB700054AD4F /* Response.swift */,
				1FAD087A24A5EBB80054AD4F /* Conversation.swift */,
				1F86023024D84FB4001B0D93 /* Commands.swift */,
				1F86023224DC442D001B0D93 /* Config.swift */,
				1F86023624E2C5A3001B0D93 /* Errors.swift */,
				1F86024224E6AB3E001B0D93 /* MimeType.swift */,
			);
			path = Objects;
			sourceTree = "<group>";
		};
		1FAD086424A484880054AD4F /* Messages */ = {
			isa = PBXGroup;
			children = (
				1FAD086524A484CB0054AD4F /* MessagesTests.swift */,
				1FAD087E24A61B3E0054AD4F /* APITests.swift */,
			);
			path = Messages;
			sourceTree = "<group>";
		};
		1FAD086924A5E1600054AD4F /* Extensions */ = {
			isa = PBXGroup;
			children = (
				1FAD087224A5E2DB0054AD4F /* DateFormatter.swift */,
			);
			path = Extensions;
			sourceTree = "<group>";
		};
/* End PBXGroup section */

/* Begin PBXHeadersBuildPhase section */
		1F9435C2248A280900A91C04 /* Headers */ = {
			isa = PBXHeadersBuildPhase;
			buildActionMask = 2147483647;
			files = (
				1F9435D8248A280900A91C04 /* BoostAI.h in Headers */,
			);
			runOnlyForDeploymentPostprocessing = 0;
		};
/* End PBXHeadersBuildPhase section */

/* Begin PBXNativeTarget section */
		1F9435C6248A280900A91C04 /* BoostAI */ = {
			isa = PBXNativeTarget;
			buildConfigurationList = 1F9435DB248A280900A91C04 /* Build configuration list for PBXNativeTarget "BoostAI" */;
			buildPhases = (
				1F9435C2248A280900A91C04 /* Headers */,
				1F9435C3248A280900A91C04 /* Sources */,
				1F9435C4248A280900A91C04 /* Frameworks */,
				1F9435C5248A280900A91C04 /* Resources */,
			);
			buildRules = (
			);
			dependencies = (
			);
			name = BoostAI;
			productName = BoostAiSDK;
			productReference = 1F9435C7248A280900A91C04 /* BoostAI.framework */;
			productType = "com.apple.product-type.framework";
		};
		1F9435CF248A280900A91C04 /* BoostAITests */ = {
			isa = PBXNativeTarget;
			buildConfigurationList = 1F9435DE248A280900A91C04 /* Build configuration list for PBXNativeTarget "BoostAITests" */;
			buildPhases = (
				1F9435CC248A280900A91C04 /* Sources */,
				1F9435CD248A280900A91C04 /* Frameworks */,
				1F9435CE248A280900A91C04 /* Resources */,
			);
			buildRules = (
			);
			dependencies = (
				1F9435D3248A280900A91C04 /* PBXTargetDependency */,
			);
			name = BoostAITests;
			productName = BoostAiSDKTests;
			productReference = 1F9435D0248A280900A91C04 /* BoostAITests.xctest */;
			productType = "com.apple.product-type.bundle.unit-test";
		};
/* End PBXNativeTarget section */

/* Begin PBXProject section */
		1F9435BE248A280900A91C04 /* Project object */ = {
			isa = PBXProject;
			attributes = {
				BuildIndependentTargetsInParallel = YES;
				LastSwiftUpdateCheck = 1150;
				LastUpgradeCheck = 1520;
				ORGANIZATIONNAME = boost.ai;
				TargetAttributes = {
					1F9435C6248A280900A91C04 = {
						CreatedOnToolsVersion = 11.5;
						LastSwiftMigration = 1150;
					};
					1F9435CF248A280900A91C04 = {
						CreatedOnToolsVersion = 11.5;
					};
				};
			};
			buildConfigurationList = 1F9435C1248A280900A91C04 /* Build configuration list for PBXProject "BoostAI" */;
			compatibilityVersion = "Xcode 9.3";
			developmentRegion = en;
			hasScannedForEncodings = 0;
			knownRegions = (
				en,
				Base,
			);
			mainGroup = 1F9435BD248A280900A91C04;
			productRefGroup = 1F9435C8248A280900A91C04 /* Products */;
			projectDirPath = "";
			projectRoot = "";
			targets = (
				1F9435C6248A280900A91C04 /* BoostAI */,
				1F9435CF248A280900A91C04 /* BoostAITests */,
			);
		};
/* End PBXProject section */

/* Begin PBXResourcesBuildPhase section */
		1F9435C5248A280900A91C04 /* Resources */ = {
			isa = PBXResourcesBuildPhase;
			buildActionMask = 2147483647;
			files = (
				046671A624E6A0DA00104492 /* Assets.xcassets in Resources */,
			);
			runOnlyForDeploymentPostprocessing = 0;
		};
		1F9435CE248A280900A91C04 /* Resources */ = {
			isa = PBXResourcesBuildPhase;
			buildActionMask = 2147483647;
			files = (
			);
			runOnlyForDeploymentPostprocessing = 0;
		};
/* End PBXResourcesBuildPhase section */

/* Begin PBXSourcesBuildPhase section */
		1F9435C3248A280900A91C04 /* Sources */ = {
			isa = PBXSourcesBuildPhase;
			buildActionMask = 2147483647;
			files = (
				1FAD087324A5E2DB0054AD4F /* DateFormatter.swift in Sources */,
				048AB43324F3A41300B912F1 /* FilterPickerViewController.swift in Sources */,
				048965FE2508F0A5000BC16E /* ConversationFeedbackViewController.swift in Sources */,
				042D6E0527A336CC00DBCC79 /* TintableButton.swift in Sources */,
				048AB43624F3D6C800B912F1 /* ChatBackend.swift in Sources */,
				1FAD086824A5E1220054AD4F /* ObservationToken.swift in Sources */,
				04B758E8251A25CC00539432 /* ImageLightboxViewController.swift in Sources */,
				046671A924E6A0DA00104492 /* ImageLoader.swift in Sources */,
				1F86023324DC442D001B0D93 /* Config.swift in Sources */,
				046671AE24E6A0DA00104492 /* AgentAvatarView.swift in Sources */,
				1F86023124D84FB4001B0D93 /* Commands.swift in Sources */,
				0491BEF4289BDA7800B69617 /* URLSessionPinningDelegate.swift in Sources */,
				04FF68EB24FD91F100737CFE /* ActionLinkView.swift in Sources */,
				1FAD087B24A5EBB80054AD4F /* Conversation.swift in Sources */,
				045D41C0293FD7430027B062 /* AttributedStringHelper.swift in Sources */,
				04CEFA5A27887A59007F3ECC /* BoostUIEvents.swift in Sources */,
				1F86024324E6AB3E001B0D93 /* MimeType.swift in Sources */,
				046671A724E6A0DA00104492 /* ChatResponseView.swift in Sources */,
				1FAD087924A5EB700054AD4F /* Response.swift in Sources */,
				046671A824E6A0DA00104492 /* ChatViewController.swift in Sources */,
				1F86023924E3D23D001B0D93 /* AnyCodable.swift in Sources */,
				048A09922BE976010071B425 /* ResourceBundle.swift in Sources */,
				046671AB24E6A0DA00104492 /* GifImage.swift in Sources */,
				046671AD24E6A0DA00104492 /* Colors.swift in Sources */,
				0449FBA824EC57B10059EE04 /* MenuViewController.swift in Sources */,
				046671AA24E6A0DA00104492 /* RoundedCornersView.swift in Sources */,
				046804732511FF48007BC8A9 /* TimingHelper.swift in Sources */,
				1F86023724E2C5A3001B0D93 /* Errors.swift in Sources */,
				1F86023D24E3D282001B0D93 /* AnyEncodable.swift in Sources */,
				1F86023B24E3D264001B0D93 /* AnyDecodable.swift in Sources */,
			);
			runOnlyForDeploymentPostprocessing = 0;
		};
		1F9435CC248A280900A91C04 /* Sources */ = {
			isa = PBXSourcesBuildPhase;
			buildActionMask = 2147483647;
			files = (
				1F9435D6248A280900A91C04 /* BoostAITests.swift in Sources */,
				1F86023524DD6DD5001B0D93 /* ConfigTests.swift in Sources */,
				1FAD086624A484CB0054AD4F /* MessagesTests.swift in Sources */,
				1FAD087F24A61B3E0054AD4F /* APITests.swift in Sources */,
			);
			runOnlyForDeploymentPostprocessing = 0;
		};
/* End PBXSourcesBuildPhase section */

/* Begin PBXTargetDependency section */
		1F9435D3248A280900A91C04 /* PBXTargetDependency */ = {
			isa = PBXTargetDependency;
			target = 1F9435C6248A280900A91C04 /* BoostAI */;
			targetProxy = 1F9435D2248A280900A91C04 /* PBXContainerItemProxy */;
		};
/* End PBXTargetDependency section */

/* Begin XCBuildConfiguration section */
		1F9435D9248A280900A91C04 /* Debug */ = {
			isa = XCBuildConfiguration;
			buildSettings = {
				ALWAYS_SEARCH_USER_PATHS = NO;
				CLANG_ANALYZER_NONNULL = YES;
				CLANG_ANALYZER_NUMBER_OBJECT_CONVERSION = YES_AGGRESSIVE;
				CLANG_CXX_LANGUAGE_STANDARD = "gnu++14";
				CLANG_CXX_LIBRARY = "libc++";
				CLANG_ENABLE_MODULES = YES;
				CLANG_ENABLE_OBJC_ARC = YES;
				CLANG_ENABLE_OBJC_WEAK = YES;
				CLANG_WARN_BLOCK_CAPTURE_AUTORELEASING = YES;
				CLANG_WARN_BOOL_CONVERSION = YES;
				CLANG_WARN_COMMA = YES;
				CLANG_WARN_CONSTANT_CONVERSION = YES;
				CLANG_WARN_DEPRECATED_OBJC_IMPLEMENTATIONS = YES;
				CLANG_WARN_DIRECT_OBJC_ISA_USAGE = YES_ERROR;
				CLANG_WARN_DOCUMENTATION_COMMENTS = YES;
				CLANG_WARN_EMPTY_BODY = YES;
				CLANG_WARN_ENUM_CONVERSION = YES;
				CLANG_WARN_INFINITE_RECURSION = YES;
				CLANG_WARN_INT_CONVERSION = YES;
				CLANG_WARN_NON_LITERAL_NULL_CONVERSION = YES;
				CLANG_WARN_OBJC_IMPLICIT_RETAIN_SELF = YES;
				CLANG_WARN_OBJC_LITERAL_CONVERSION = YES;
				CLANG_WARN_OBJC_ROOT_CLASS = YES_ERROR;
				CLANG_WARN_QUOTED_INCLUDE_IN_FRAMEWORK_HEADER = YES;
				CLANG_WARN_RANGE_LOOP_ANALYSIS = YES;
				CLANG_WARN_STRICT_PROTOTYPES = YES;
				CLANG_WARN_SUSPICIOUS_MOVE = YES;
				CLANG_WARN_UNGUARDED_AVAILABILITY = YES_AGGRESSIVE;
				CLANG_WARN_UNREACHABLE_CODE = YES;
				CLANG_WARN__DUPLICATE_METHOD_MATCH = YES;
				COPY_PHASE_STRIP = NO;
				CURRENT_PROJECT_VERSION = 1;
				DEBUG_INFORMATION_FORMAT = dwarf;
				ENABLE_STRICT_OBJC_MSGSEND = YES;
				ENABLE_TESTABILITY = YES;
				ENABLE_USER_SCRIPT_SANDBOXING = YES;
				GCC_C_LANGUAGE_STANDARD = gnu11;
				GCC_DYNAMIC_NO_PIC = NO;
				GCC_NO_COMMON_BLOCKS = YES;
				GCC_OPTIMIZATION_LEVEL = 0;
				GCC_PREPROCESSOR_DEFINITIONS = (
					"DEBUG=1",
					"$(inherited)",
				);
				GCC_WARN_64_TO_32_BIT_CONVERSION = YES;
				GCC_WARN_ABOUT_RETURN_TYPE = YES_ERROR;
				GCC_WARN_UNDECLARED_SELECTOR = YES;
				GCC_WARN_UNINITIALIZED_AUTOS = YES_AGGRESSIVE;
				GCC_WARN_UNUSED_FUNCTION = YES;
				GCC_WARN_UNUSED_VARIABLE = YES;
				IPHONEOS_DEPLOYMENT_TARGET = 12.0;
				MTL_ENABLE_DEBUG_INFO = INCLUDE_SOURCE;
				MTL_FAST_MATH = YES;
				ONLY_ACTIVE_ARCH = YES;
				SDKROOT = iphoneos;
				SWIFT_ACTIVE_COMPILATION_CONDITIONS = DEBUG;
				SWIFT_OPTIMIZATION_LEVEL = "-Onone";
				VERSIONING_SYSTEM = "apple-generic";
				VERSION_INFO_PREFIX = "";
			};
			name = Debug;
		};
		1F9435DA248A280900A91C04 /* Release */ = {
			isa = XCBuildConfiguration;
			buildSettings = {
				ALWAYS_SEARCH_USER_PATHS = NO;
				CLANG_ANALYZER_NONNULL = YES;
				CLANG_ANALYZER_NUMBER_OBJECT_CONVERSION = YES_AGGRESSIVE;
				CLANG_CXX_LANGUAGE_STANDARD = "gnu++14";
				CLANG_CXX_LIBRARY = "libc++";
				CLANG_ENABLE_MODULES = YES;
				CLANG_ENABLE_OBJC_ARC = YES;
				CLANG_ENABLE_OBJC_WEAK = YES;
				CLANG_WARN_BLOCK_CAPTURE_AUTORELEASING = YES;
				CLANG_WARN_BOOL_CONVERSION = YES;
				CLANG_WARN_COMMA = YES;
				CLANG_WARN_CONSTANT_CONVERSION = YES;
				CLANG_WARN_DEPRECATED_OBJC_IMPLEMENTATIONS = YES;
				CLANG_WARN_DIRECT_OBJC_ISA_USAGE = YES_ERROR;
				CLANG_WARN_DOCUMENTATION_COMMENTS = YES;
				CLANG_WARN_EMPTY_BODY = YES;
				CLANG_WARN_ENUM_CONVERSION = YES;
				CLANG_WARN_INFINITE_RECURSION = YES;
				CLANG_WARN_INT_CONVERSION = YES;
				CLANG_WARN_NON_LITERAL_NULL_CONVERSION = YES;
				CLANG_WARN_OBJC_IMPLICIT_RETAIN_SELF = YES;
				CLANG_WARN_OBJC_LITERAL_CONVERSION = YES;
				CLANG_WARN_OBJC_ROOT_CLASS = YES_ERROR;
				CLANG_WARN_QUOTED_INCLUDE_IN_FRAMEWORK_HEADER = YES;
				CLANG_WARN_RANGE_LOOP_ANALYSIS = YES;
				CLANG_WARN_STRICT_PROTOTYPES = YES;
				CLANG_WARN_SUSPICIOUS_MOVE = YES;
				CLANG_WARN_UNGUARDED_AVAILABILITY = YES_AGGRESSIVE;
				CLANG_WARN_UNREACHABLE_CODE = YES;
				CLANG_WARN__DUPLICATE_METHOD_MATCH = YES;
				COPY_PHASE_STRIP = NO;
				CURRENT_PROJECT_VERSION = 1;
				DEBUG_INFORMATION_FORMAT = "dwarf-with-dsym";
				ENABLE_NS_ASSERTIONS = NO;
				ENABLE_STRICT_OBJC_MSGSEND = YES;
				ENABLE_USER_SCRIPT_SANDBOXING = YES;
				GCC_C_LANGUAGE_STANDARD = gnu11;
				GCC_NO_COMMON_BLOCKS = YES;
				GCC_WARN_64_TO_32_BIT_CONVERSION = YES;
				GCC_WARN_ABOUT_RETURN_TYPE = YES_ERROR;
				GCC_WARN_UNDECLARED_SELECTOR = YES;
				GCC_WARN_UNINITIALIZED_AUTOS = YES_AGGRESSIVE;
				GCC_WARN_UNUSED_FUNCTION = YES;
				GCC_WARN_UNUSED_VARIABLE = YES;
				IPHONEOS_DEPLOYMENT_TARGET = 12.0;
				MTL_ENABLE_DEBUG_INFO = NO;
				MTL_FAST_MATH = YES;
				SDKROOT = iphoneos;
				SWIFT_COMPILATION_MODE = wholemodule;
				SWIFT_OPTIMIZATION_LEVEL = "-O";
				VALIDATE_PRODUCT = YES;
				VERSIONING_SYSTEM = "apple-generic";
				VERSION_INFO_PREFIX = "";
			};
			name = Release;
		};
		1F9435DC248A280900A91C04 /* Debug */ = {
			isa = XCBuildConfiguration;
			buildSettings = {
				CLANG_ENABLE_MODULES = YES;
				CODE_SIGN_IDENTITY = "";
				"CODE_SIGN_IDENTITY[sdk=macosx*]" = "Apple Development";
				CODE_SIGN_STYLE = Manual;
				DEFINES_MODULE = YES;
				DEVELOPMENT_TEAM = "";
				DYLIB_COMPATIBILITY_VERSION = 1;
				DYLIB_CURRENT_VERSION = 1;
				DYLIB_INSTALL_NAME_BASE = "@rpath";
				ENABLE_MODULE_VERIFIER = YES;
				INFOPLIST_FILE = BoostAI/Info.plist;
				INSTALL_PATH = "$(LOCAL_LIBRARY_DIR)/Frameworks";
				IPHONEOS_DEPLOYMENT_TARGET = 12.0;
				LD_RUNPATH_SEARCH_PATHS = (
					"$(inherited)",
					"@executable_path/Frameworks",
					"@loader_path/Frameworks",
				);
				MODULE_VERIFIER_SUPPORTED_LANGUAGES = "objective-c objective-c++";
				MODULE_VERIFIER_SUPPORTED_LANGUAGE_STANDARDS = "gnu11 gnu++14";
				PRODUCT_BUNDLE_IDENTIFIER = ai.boost.SDK;
				PRODUCT_NAME = BoostAI;
				PROVISIONING_PROFILE_SPECIFIER = "";
				SKIP_INSTALL = YES;
				SUPPORTS_MACCATALYST = NO;
				SWIFT_OPTIMIZATION_LEVEL = "-Onone";
				SWIFT_VERSION = 5.0;
				TARGETED_DEVICE_FAMILY = "1,2";
			};
			name = Debug;
		};
		1F9435DD248A280900A91C04 /* Release */ = {
			isa = XCBuildConfiguration;
			buildSettings = {
				CLANG_ENABLE_MODULES = YES;
				CODE_SIGN_IDENTITY = "";
				"CODE_SIGN_IDENTITY[sdk=macosx*]" = "Apple Development";
				CODE_SIGN_STYLE = Manual;
				DEFINES_MODULE = YES;
				DEVELOPMENT_TEAM = "";
				DYLIB_COMPATIBILITY_VERSION = 1;
				DYLIB_CURRENT_VERSION = 1;
				DYLIB_INSTALL_NAME_BASE = "@rpath";
				ENABLE_MODULE_VERIFIER = YES;
				INFOPLIST_FILE = BoostAI/Info.plist;
				INSTALL_PATH = "$(LOCAL_LIBRARY_DIR)/Frameworks";
				IPHONEOS_DEPLOYMENT_TARGET = 12.0;
				LD_RUNPATH_SEARCH_PATHS = (
					"$(inherited)",
					"@executable_path/Frameworks",
					"@loader_path/Frameworks",
				);
				MODULE_VERIFIER_SUPPORTED_LANGUAGES = "objective-c objective-c++";
				MODULE_VERIFIER_SUPPORTED_LANGUAGE_STANDARDS = "gnu11 gnu++14";
				PRODUCT_BUNDLE_IDENTIFIER = ai.boost.SDK;
				PRODUCT_NAME = BoostAI;
				PROVISIONING_PROFILE_SPECIFIER = "";
				SKIP_INSTALL = YES;
				SUPPORTS_MACCATALYST = NO;
				SWIFT_VERSION = 5.0;
				TARGETED_DEVICE_FAMILY = "1,2";
			};
			name = Release;
		};
		1F9435DF248A280900A91C04 /* Debug */ = {
			isa = XCBuildConfiguration;
			buildSettings = {
				ALWAYS_EMBED_SWIFT_STANDARD_LIBRARIES = YES;
				CODE_SIGN_STYLE = Automatic;
				DEVELOPMENT_TEAM = D8VZ58KQ98;
				INFOPLIST_FILE = BoostAITests/Info.plist;
				LD_RUNPATH_SEARCH_PATHS = (
					"$(inherited)",
					"@executable_path/Frameworks",
					"@loader_path/Frameworks",
				);
				PRODUCT_BUNDLE_IDENTIFIER = ai.boost.BoostAITests;
				PRODUCT_NAME = "$(TARGET_NAME)";
				SWIFT_VERSION = 5.0;
				TARGETED_DEVICE_FAMILY = "1,2";
			};
			name = Debug;
		};
		1F9435E0248A280900A91C04 /* Release */ = {
			isa = XCBuildConfiguration;
			buildSettings = {
				ALWAYS_EMBED_SWIFT_STANDARD_LIBRARIES = YES;
				CODE_SIGN_STYLE = Automatic;
				DEVELOPMENT_TEAM = D8VZ58KQ98;
				INFOPLIST_FILE = BoostAITests/Info.plist;
				LD_RUNPATH_SEARCH_PATHS = (
					"$(inherited)",
					"@executable_path/Frameworks",
					"@loader_path/Frameworks",
				);
				PRODUCT_BUNDLE_IDENTIFIER = ai.boost.BoostAITests;
				PRODUCT_NAME = "$(TARGET_NAME)";
				SWIFT_VERSION = 5.0;
				TARGETED_DEVICE_FAMILY = "1,2";
			};
			name = Release;
		};
/* End XCBuildConfiguration section */

/* Begin XCConfigurationList section */
		1F9435C1248A280900A91C04 /* Build configuration list for PBXProject "BoostAI" */ = {
			isa = XCConfigurationList;
			buildConfigurations = (
				1F9435D9248A280900A91C04 /* Debug */,
				1F9435DA248A280900A91C04 /* Release */,
			);
			defaultConfigurationIsVisible = 0;
			defaultConfigurationName = Release;
		};
		1F9435DB248A280900A91C04 /* Build configuration list for PBXNativeTarget "BoostAI" */ = {
			isa = XCConfigurationList;
			buildConfigurations = (
				1F9435DC248A280900A91C04 /* Debug */,
				1F9435DD248A280900A91C04 /* Release */,
			);
			defaultConfigurationIsVisible = 0;
			defaultConfigurationName = Release;
		};
		1F9435DE248A280900A91C04 /* Build configuration list for PBXNativeTarget "BoostAITests" */ = {
			isa = XCConfigurationList;
			buildConfigurations = (
				1F9435DF248A280900A91C04 /* Debug */,
				1F9435E0248A280900A91C04 /* Release */,
			);
			defaultConfigurationIsVisible = 0;
			defaultConfigurationName = Release;
		};
/* End XCConfigurationList section */
	};
	rootObject = 1F9435BE248A280900A91C04 /* Project object */;
}
